
Microsoft Visual Studio Solution File, Format Version 12.00
# Visual Studio Version 17
VisualStudioVersion = 17.4.33205.214
MinimumVisualStudioVersion = 10.0.40219.1
Project("{FAE04EC0-301F-11D3-BF4B-00C04F79EFBC}") = "list", "list.csproj", "{4102BE05-A0F5-4E7D-A340-71EF389AE708}"
EndProject
Global
	GlobalSection(SolutionConfigurationPlatforms) = preSolution
		Debug|Any CPU = Debug|Any CPU
		Release|Any CPU = Release|Any CPU
	EndGlobalSection
	GlobalSection(ProjectConfigurationPlatforms) = postSolution
		{4102BE05-A0F5-4E7D-A340-71EF389AE708}.Debug|Any CPU.ActiveCfg = Debug|Any CPU
		{4102BE05-A0F5-4E7D-A340-71EF389AE708}.Debug|Any CPU.Build.0 = Debug|Any CPU
		{4102BE05-A0F5-4E7D-A340-71EF389AE708}.Release|Any CPU.ActiveCfg = Release|Any CPU
		{4102BE05-A0F5-4E7D-A340-71EF389AE708}.Release|Any CPU.Build.0 = Release|Any CPU
	EndGlobalSection
	GlobalSection(SolutionProperties) = preSolution
		HideSolutionNode = FALSE
	EndGlobalSection
	GlobalSection(ExtensibilityGlobals) = postSolution
		SolutionGuid = {4B1710DA-DD3D-402E-9118-09F0A68243D0}
	EndGlobalSection
EndGlobal
